PODS:
  - AdaptiveCards (1.2.7)
  - DemoPod (0.1.0):
    - AdaptiveCards

DEPENDENCIES:
  - AdaptiveCards
  - DemoPod (from `../`)

SPEC REPOS:
  trunk:
    - AdaptiveCards

EXTERNAL SOURCES:
  DemoPod:
    :path: "../"

SPEC CHECKSUMS:
  AdaptiveCards: 96a05948e0bf9f42ee1b2dfce83104b1139528d0
  DemoPod: 2c06bceb14fccd5d2ec3295f5d5b68653520dd6c

PODFILE CHECKSUM: e533826b298182ec4d9f3b9cfd3dc77840197c45

COCOAPODS: 1.9.1
